
Microsoft Visual Studio Solution File, Format Version 12.00
# Visual Studio Version 17
VisualStudioVersion = 17.0.31903.59
MinimumVisualStudioVersion = 10.0.40219.1
Project("{FAE04EC0-301F-11D3-BF4B-00C04F79EFBC}") = "ListasCS_Test3", "ListasCS_Test3\ListasCS_Test3.csproj", "{EBD112A8-B919-48A0-B043-0C97E9345706}"
EndProject
Global
	GlobalSection(SolutionConfigurationPlatforms) = preSolution
		Debug|Any CPU = Debug|Any CPU
		Release|Any CPU = Release|Any CPU
	EndGlobalSection
	GlobalSection(ProjectConfigurationPlatforms) = postSolution
		{EBD112A8-B919-48A0-B043-0C97E9345706}.Debug|Any CPU.ActiveCfg = Debug|Any CPU
		{EBD112A8-B919-48A0-B043-0C97E9345706}.Debug|Any CPU.Build.0 = Debug|Any CPU
		{EBD112A8-B919-48A0-B043-0C97E9345706}.Release|Any CPU.ActiveCfg = Release|Any CPU
		{EBD112A8-B919-48A0-B043-0C97E9345706}.Release|Any CPU.Build.0 = Release|Any CPU
	EndGlobalSection
	GlobalSection(SolutionProperties) = preSolution
		HideSolutionNode = FALSE
	EndGlobalSection
	GlobalSection(ExtensibilityGlobals) = postSolution
		SolutionGuid = {B2FCC876-8572-4D89-9632-FE09D3533CF1}
	EndGlobalSection
EndGlobal
